dependencies:
  hci_common_component:
    component_hash: null
    source:
      path: /home/alicia/esp/esp-idf/examples/bluetooth/hci/hci_common_component
      type: local
    version: '*'
  idf:
    component_hash: null
    source:
      type: idf
    version: 5.3.0
manifest_hash: d1867ae18b8fb9b1820ce090c83b762783a0571b84f8c4ac87deb61665a54d82
target: esp32s3
version: 1.0.0
